Microsoft Visual Studio Solution File, Format Version 11.00
# Visual Studio 2008

Project("{92EED100-B94F-B354-7111-D8EAD18B08DC}") = "ZvsR_proto", "Assembly-CSharp-firstpass-vs.csproj", "{7F10B159-CBF6-B7B9-E729-0D94F38D5992}"
EndProject
Project("{92EED100-B94F-B354-7111-D8EAD18B08DC}") = "ZvsR_proto", "Assembly-CSharp-vs.csproj", "{E8C4036D-24E3-388D-6212-F759A94D19B9}"
EndProject
Global
	GlobalSection(SolutionConfigurationPlatforms) = preSolution
		Debug|Any CPU = Debug|Any CPU
		Release|Any CPU = Release|Any CPU
	EndGlobalSection
	GlobalSection(ProjectConfigurationPlatforms) = postSolution
		{7F10B159-CBF6-B7B9-E729-0D94F38D5992}.Debug|Any CPU.ActiveCfg = Debug|Any CPU
		{7F10B159-CBF6-B7B9-E729-0D94F38D5992}.Debug|Any CPU.Build.0 = Debug|Any CPU
		{7F10B159-CBF6-B7B9-E729-0D94F38D5992}.Release|Any CPU.ActiveCfg = Release|Any CPU
		{7F10B159-CBF6-B7B9-E729-0D94F38D5992}.Release|Any CPU.Build.0 = Release|Any CPU
		{E8C4036D-24E3-388D-6212-F759A94D19B9}.Debug|Any CPU.ActiveCfg = Debug|Any CPU
		{E8C4036D-24E3-388D-6212-F759A94D19B9}.Debug|Any CPU.Build.0 = Debug|Any CPU
		{E8C4036D-24E3-388D-6212-F759A94D19B9}.Release|Any CPU.ActiveCfg = Release|Any CPU
		{E8C4036D-24E3-388D-6212-F759A94D19B9}.Release|Any CPU.Build.0 = Release|Any CPU
	EndGlobalSection
	GlobalSection(SolutionProperties) = preSolution
		HideSolutionNode = FALSE
	EndGlobalSection
																GlobalSection(MonoDevelopProperties) = preSolution
		StartupItem = Assembly-CSharp.csproj
		Policies = $0
		$0.TextStylePolicy = $1
		$1.inheritsSet = null
		$1.scope = text/x-csharp
		$0.CSharpFormattingPolicy = $2
		$2.inheritsSet = Mono
		$2.inheritsScope = text/x-csharp
		$2.scope = text/x-csharp
		$0.TextStylePolicy = $3
		$3.FileWidth = 120
		$3.TabWidth = 4
		$3.EolMarker = Unix
		$3.inheritsSet = Mono
		$3.inheritsScope = text/plain
		$3.scope = text/plain
	EndGlobalSection

EndGlobal
